{
  "object": {
    "pins": [
      {
        "package": "geos",
        "repositoryURL": "https://github.com/GEOSwift/geos.git",
        "state": {
          "branch": "geos-3.10.0",
          "revision": "0fe30a5d2cf61ee650229e9fc5eee9d057971140",
          "version": null
        }
      }
    ]
  },
  "version": 1
}
