{
  "object": {
    "pins": [
      {
        "package": "geos",
        "repositoryURL": "https://github.com/GEOSwift/geos.git",
        "state": {
          "branch": "geos-3.10.0",
          "revision": "e220e26e54c60826646a06029d16be8cd446a848",
          "version": null
        }
      }
    ]
  },
  "version": 1
}
