{
  "object": {
    "pins": [
      {
        "package": "geos",
        "repositoryURL": "https://github.com/GEOSwift/geos.git",
        "state": {
          "branch": "geos-3.10.0",
          "revision": "a22d3e49d6f72eae2c633cb2ddf1436088d01071",
          "version": null
        }
      }
    ]
  },
  "version": 1
}
